
Microsoft Visual Studio Solution File, Format Version 12.00
# Visual Studio Version 17
VisualStudioVersion = 17.8.34511.84
MinimumVisualStudioVersion = 10.0.40219.1
Project("{FAE04EC0-301F-11D3-BF4B-00C04F79EFBC}") = "IdentityManagementSystem", "IdentityManagementSystem\IdentityManagementSystem.csproj", "{0F9D4BC5-7447-4B36-8DFC-5F6AD1D703EE}"
EndProject
Global
	GlobalSection(SolutionConfigurationPlatforms) = preSolution
		Debug|Any CPU = Debug|Any CPU
		Release|Any CPU = Release|Any CPU
	EndGlobalSection
	GlobalSection(ProjectConfigurationPlatforms) = postSolution
		{0F9D4BC5-7447-4B36-8DFC-5F6AD1D703EE}.Debug|Any CPU.ActiveCfg = Debug|Any CPU
		{0F9D4BC5-7447-4B36-8DFC-5F6AD1D703EE}.Debug|Any CPU.Build.0 = Debug|Any CPU
		{0F9D4BC5-7447-4B36-8DFC-5F6AD1D703EE}.Release|Any CPU.ActiveCfg = Release|Any CPU
		{0F9D4BC5-7447-4B36-8DFC-5F6AD1D703EE}.Release|Any CPU.Build.0 = Release|Any CPU
	EndGlobalSection
	GlobalSection(SolutionProperties) = preSolution
		HideSolutionNode = FALSE
	EndGlobalSection
	GlobalSection(ExtensibilityGlobals) = postSolution
		SolutionGuid = {8B405832-B6A6-424D-9DB5-B67ACCA09AE1}
	EndGlobalSection
EndGlobal
